
Microsoft Visual Studio Solution File, Format Version 12.00
# Visual Studio 2012
Project("{FAE04EC0-301F-11D3-BF4B-00C04F79EFBC}") = "SendMail", "SendMail\SendMail.csproj", "{333B2168-D157-4AD3-86C2-8C530E6BB6BA}"
EndProject
Global
	GlobalSection(SolutionConfigurationPlatforms) = preSolution
		Debug|Any CPU = Debug|Any CPU
		Release|Any CPU = Release|Any CPU
	EndGlobalSection
	GlobalSection(ProjectConfigurationPlatforms) = postSolution
		{333B2168-D157-4AD3-86C2-8C530E6BB6BA}.Debug|Any CPU.ActiveCfg = Debug|Any CPU
		{333B2168-D157-4AD3-86C2-8C530E6BB6BA}.Debug|Any CPU.Build.0 = Debug|Any CPU
		{333B2168-D157-4AD3-86C2-8C530E6BB6BA}.Release|Any CPU.ActiveCfg = Release|Any CPU
		{333B2168-D157-4AD3-86C2-8C530E6BB6BA}.Release|Any CPU.Build.0 = Release|Any CPU
	EndGlobalSection
	GlobalSection(SolutionProperties) = preSolution
		HideSolutionNode = FALSE
	EndGlobalSection
	GlobalSection(ExtensibilityGlobals) = postSolution
		VisualSVNWorkingCopyRoot = .
	EndGlobalSection
EndGlobal
